
Microsoft Visual Studio Solution File, Format Version 12.00
# Visual Studio Version 16
VisualStudioVersion = 16.0.30104.148
MinimumVisualStudioVersion = 10.0.40219.1
Project("{9A19103F-16F7-4668-BE54-9A1E7A4F7556}") = "Registone.LogCenter.Api", "Registone.LogCenter.Api\Registone.LogCenter.Api.csproj", "{B40CC941-FC6E-4D04-AB4C-659C503E86D7}"
EndProject
Project("{9A19103F-16F7-4668-BE54-9A1E7A4F7556}") = "Registone.LogCenter.Data", "Registone.LogCenter.Data\Registone.LogCenter.Data\Registone.LogCenter.Data.csproj", "{6C2435C3-FA0E-4787-91A0-A5B43526E343}"
EndProject
Project("{9A19103F-16F7-4668-BE54-9A1E7A4F7556}") = "Registone.LogCenter.Domain", "Registone.LogCenter.Domain\Registone.LogCenter.Domain.csproj", "{3D28D4BF-B6BA-4448-8153-811ADB482C1A}"
EndProject
Project("{9A19103F-16F7-4668-BE54-9A1E7A4F7556}") = "Registone.LogCenter.Services", "Registone.LogCenter.Services\Registone.LogCenter.Services.csproj", "{4C1BCCD3-62D6-47E4-9CCF-CE5E65F91DED}"
EndProject
Project("{9A19103F-16F7-4668-BE54-9A1E7A4F7556}") = "Registone.LogCenter.Tests", "Registone.LogCenter.Tests\Registone.LogCenter.Tests.csproj", "{5AD56BAD-83F6-4E7A-8439-48A3CA1648DA}"
EndProject
Global
	GlobalSection(SolutionConfigurationPlatforms) = preSolution
		Debug|Any CPU = Debug|Any CPU
		Release|Any CPU = Release|Any CPU
	EndGlobalSection
	GlobalSection(ProjectConfigurationPlatforms) = postSolution
		{B40CC941-FC6E-4D04-AB4C-659C503E86D7}.Debug|Any CPU.ActiveCfg = Debug|Any CPU
		{B40CC941-FC6E-4D04-AB4C-659C503E86D7}.Debug|Any CPU.Build.0 = Debug|Any CPU
		{B40CC941-FC6E-4D04-AB4C-659C503E86D7}.Release|Any CPU.ActiveCfg = Release|Any CPU
		{B40CC941-FC6E-4D04-AB4C-659C503E86D7}.Release|Any CPU.Build.0 = Release|Any CPU
		{6C2435C3-FA0E-4787-91A0-A5B43526E343}.Debug|Any CPU.ActiveCfg = Debug|Any CPU
		{6C2435C3-FA0E-4787-91A0-A5B43526E343}.Debug|Any CPU.Build.0 = Debug|Any CPU
		{6C2435C3-FA0E-4787-91A0-A5B43526E343}.Release|Any CPU.ActiveCfg = Release|Any CPU
		{6C2435C3-FA0E-4787-91A0-A5B43526E343}.Release|Any CPU.Build.0 = Release|Any CPU
		{3D28D4BF-B6BA-4448-8153-811ADB482C1A}.Debug|Any CPU.ActiveCfg = Debug|Any CPU
		{3D28D4BF-B6BA-4448-8153-811ADB482C1A}.Debug|Any CPU.Build.0 = Debug|Any CPU
		{3D28D4BF-B6BA-4448-8153-811ADB482C1A}.Release|Any CPU.ActiveCfg = Release|Any CPU
		{3D28D4BF-B6BA-4448-8153-811ADB482C1A}.Release|Any CPU.Build.0 = Release|Any CPU
		{4C1BCCD3-62D6-47E4-9CCF-CE5E65F91DED}.Debug|Any CPU.ActiveCfg = Debug|Any CPU
		{4C1BCCD3-62D6-47E4-9CCF-CE5E65F91DED}.Debug|Any CPU.Build.0 = Debug|Any CPU
		{4C1BCCD3-62D6-47E4-9CCF-CE5E65F91DED}.Release|Any CPU.ActiveCfg = Release|Any CPU
		{4C1BCCD3-62D6-47E4-9CCF-CE5E65F91DED}.Release|Any CPU.Build.0 = Release|Any CPU
		{5AD56BAD-83F6-4E7A-8439-48A3CA1648DA}.Debug|Any CPU.ActiveCfg = Debug|Any CPU
		{5AD56BAD-83F6-4E7A-8439-48A3CA1648DA}.Debug|Any CPU.Build.0 = Debug|Any CPU
		{5AD56BAD-83F6-4E7A-8439-48A3CA1648DA}.Release|Any CPU.ActiveCfg = Release|Any CPU
		{5AD56BAD-83F6-4E7A-8439-48A3CA1648DA}.Release|Any CPU.Build.0 = Release|Any CPU
	EndGlobalSection
	GlobalSection(SolutionProperties) = preSolution
		HideSolutionNode = FALSE
	EndGlobalSection
	GlobalSection(ExtensibilityGlobals) = postSolution
		SolutionGuid = {C1AA37ED-1E5E-4639-AA2C-E74670CE2757}
	EndGlobalSection
EndGlobal
